
Microsoft Visual Studio Solution File, Format Version 12.00
# Visual Studio Version 17
VisualStudioVersion = 17.14.36301.6 d17.14
MinimumVisualStudioVersion = 10.0.40219.1
Project("{FAE04EC0-301F-11D3-BF4B-00C04F79EFBC}") = "topic 6 loops", "topic 6 loops.csproj", "{C45FBCB0-10A3-4A17-9B59-4790385BCE27}"
EndProject
Global
	GlobalSection(SolutionConfigurationPlatforms) = preSolution
		Debug|Any CPU = Debug|Any CPU
		Release|Any CPU = Release|Any CPU
	EndGlobalSection
	GlobalSection(ProjectConfigurationPlatforms) = postSolution
		{C45FBCB0-10A3-4A17-9B59-4790385BCE27}.Debug|Any CPU.ActiveCfg = Debug|Any CPU
		{C45FBCB0-10A3-4A17-9B59-4790385BCE27}.Debug|Any CPU.Build.0 = Debug|Any CPU
		{C45FBCB0-10A3-4A17-9B59-4790385BCE27}.Release|Any CPU.ActiveCfg = Release|Any CPU
		{C45FBCB0-10A3-4A17-9B59-4790385BCE27}.Release|Any CPU.Build.0 = Release|Any CPU
	EndGlobalSection
	GlobalSection(SolutionProperties) = preSolution
		HideSolutionNode = FALSE
	EndGlobalSection
	GlobalSection(ExtensibilityGlobals) = postSolution
		SolutionGuid = {6DB57996-38E5-4C52-BFA3-97714EF46502}
	EndGlobalSection
EndGlobal
